
Microsoft Visual Studio Solution File, Format Version 12.00
# Visual Studio 15
VisualStudioVersion = 15.0.27428.2005
MinimumVisualStudioVersion = 10.0.40219.1
Project("{FAE04EC0-301F-11D3-BF4B-00C04F79EFBC}") = "Vidly", "Vidly\Vidly.csproj", "{B2C9F14C-568E-45DB-948A-667ABEC07442}"
EndProject
Project("{FAE04EC0-301F-11D3-BF4B-00C04F79EFBC}") = "Vidly.Tests", "Vidly.Tests\Vidly.Tests.csproj", "{3846CAD1-36F4-47EA-BC01-A4DBB0064DA2}"
EndProject
Global
	GlobalSection(SolutionConfigurationPlatforms) = preSolution
		Debug|Any CPU = Debug|Any CPU
		Release|Any CPU = Release|Any CPU
	EndGlobalSection
	GlobalSection(ProjectConfigurationPlatforms) = postSolution
		{B2C9F14C-568E-45DB-948A-667ABEC07442}.Debug|Any CPU.ActiveCfg = Debug|Any CPU
		{B2C9F14C-568E-45DB-948A-667ABEC07442}.Debug|Any CPU.Build.0 = Debug|Any CPU
		{B2C9F14C-568E-45DB-948A-667ABEC07442}.Release|Any CPU.ActiveCfg = Release|Any CPU
		{B2C9F14C-568E-45DB-948A-667ABEC07442}.Release|Any CPU.Build.0 = Release|Any CPU
		{3846CAD1-36F4-47EA-BC01-A4DBB0064DA2}.Debug|Any CPU.ActiveCfg = Debug|Any CPU
		{3846CAD1-36F4-47EA-BC01-A4DBB0064DA2}.Debug|Any CPU.Build.0 = Debug|Any CPU
		{3846CAD1-36F4-47EA-BC01-A4DBB0064DA2}.Release|Any CPU.ActiveCfg = Release|Any CPU
		{3846CAD1-36F4-47EA-BC01-A4DBB0064DA2}.Release|Any CPU.Build.0 = Release|Any CPU
	EndGlobalSection
	GlobalSection(SolutionProperties) = preSolution
		HideSolutionNode = FALSE
	EndGlobalSection
	GlobalSection(ExtensibilityGlobals) = postSolution
		SolutionGuid = {A23E4EB1-53BB-472D-9E3B-5E857C990865}
	EndGlobalSection
EndGlobal
